
Microsoft Visual Studio Solution File, Format Version 12.00
# Visual Studio Version 17
VisualStudioVersion = 17.11.35303.130
MinimumVisualStudioVersion = 10.0.40219.1
Project("{2150E333-8FDC-42A3-9474-1A3956D46DE8}") = "Lesson_02", "Lesson_02", "{5E44A6BD-6DC7-4CFB-B1BA-3AB66273F9D3}"
EndProject
Project("{9A19103F-16F7-4668-BE54-9A1E7A4F7556}") = "Task_02_02", "Task_02_02\Task_02_02.csproj", "{0E3C1685-7469-440F-B703-1682945D60B3}"
EndProject
Project("{9A19103F-16F7-4668-BE54-9A1E7A4F7556}") = "Task_02_04", "Task_02_04\Task_02_04.csproj", "{72868983-C018-495D-BB46-FF951032B9EE}"
EndProject
Project("{2150E333-8FDC-42A3-9474-1A3956D46DE8}") = "Lesson_03", "Lesson_03", "{28E903E6-E45A-43E7-9F9E-215DCFCE58DA}"
EndProject
Project("{9A19103F-16F7-4668-BE54-9A1E7A4F7556}") = "Task_03_04", "Task_03_04\Task_03_04.csproj", "{400F002E-05F1-46CA-A4E0-625E258F9C6C}"
EndProject
Project("{9A19103F-16F7-4668-BE54-9A1E7A4F7556}") = "Task_03_05", "Task_03_05\Task_03_05.csproj", "{5137AB87-16D5-4122-9B7D-CAFE90C6CD7A}"
EndProject
Project("{9A19103F-16F7-4668-BE54-9A1E7A4F7556}") = "Task_03_06", "Task_03_06\Task_03_06.csproj", "{B2D10DDB-E84C-45BD-96F3-60984CBE5E0E}"
EndProject
Project("{9A19103F-16F7-4668-BE54-9A1E7A4F7556}") = "Task_03_07", "Task_03_07\Task_03_07.csproj", "{CA46D5D5-BD9F-4CE9-9B32-8328862924E5}"
EndProject
Project("{9A19103F-16F7-4668-BE54-9A1E7A4F7556}") = "Task_03_08", "Task_03_08\Task_03_08.csproj", "{00882B74-5CC5-4785-B414-B93F126858FA}"
EndProject
Project("{9A19103F-16F7-4668-BE54-9A1E7A4F7556}") = "Task_03_09", "Task_03_09\Task_03_09.csproj", "{78BBDF0F-3012-42A4-8A83-6C22021B7F80}"
EndProject
Project("{2150E333-8FDC-42A3-9474-1A3956D46DE8}") = "Lesson_04", "Lesson_04", "{A78B2E31-CC08-4407-AF1B-C8AB8147331A}"
EndProject
Project("{9A19103F-16F7-4668-BE54-9A1E7A4F7556}") = "Task_04_05", "Task_04_05\Task_04_05.csproj", "{31314D31-F0C7-47E1-AB68-257D3E2208B8}"
EndProject
Project("{9A19103F-16F7-4668-BE54-9A1E7A4F7556}") = "Task_04_06", "Task_04_06\Task_04_06.csproj", "{D22ABC84-B66A-487A-ACBD-64E64939FCBB}"
EndProject
Project("{9A19103F-16F7-4668-BE54-9A1E7A4F7556}") = "Task_04_07", "Task_04_07\Task_04_07.csproj", "{5D18E2A0-4409-4EC9-9D20-5B0E44BF1D24}"
EndProject
Project("{9A19103F-16F7-4668-BE54-9A1E7A4F7556}") = "Task_04_08", "Task_04_08\Task_04_08.csproj", "{EE0924E5-2A41-4B70-A21F-720E1BA752B6}"
EndProject
Project("{9A19103F-16F7-4668-BE54-9A1E7A4F7556}") = "Task_04_09", "Task_04_09\Task_04_09.csproj", "{CDD6FA2C-4110-44C3-A788-AE734AF812DF}"
EndProject
Project("{9A19103F-16F7-4668-BE54-9A1E7A4F7556}") = "Task_04_10", "Task_04_10\Task_04_10.csproj", "{CCBACAC4-9CE4-497D-9194-C9B38E88E126}"
EndProject
Project("{2150E333-8FDC-42A3-9474-1A3956D46DE8}") = "Lesson_05", "Lesson_05", "{9934332C-1432-4961-96BE-7447F03B0E0F}"
EndProject
Project("{9A19103F-16F7-4668-BE54-9A1E7A4F7556}") = "Task_05_03", "Task_05_03\Task_05_03.csproj", "{536EC878-796D-4F8D-A057-F8761F1AE46F}"
EndProject
Project("{9A19103F-16F7-4668-BE54-9A1E7A4F7556}") = "Task_05_04", "Task_05_04\Task_05_04.csproj", "{DB30FF55-A244-4104-A247-F58F7CAA29D2}"
EndProject
Project("{9A19103F-16F7-4668-BE54-9A1E7A4F7556}") = "Task_05_05", "Task_05_05\Task_05_05.csproj", "{808CAA84-007D-402B-BF7C-CD6E0CF503CB}"
EndProject
Project("{9A19103F-16F7-4668-BE54-9A1E7A4F7556}") = "Task_05_06", "Task_05_06\Task_05_06.csproj", "{3176C8D7-2D84-4BF8-B5C0-CCA60406FEC1}"
EndProject
Project("{9A19103F-16F7-4668-BE54-9A1E7A4F7556}") = "Task_05_07", "Task_05_07\Task_05_07.csproj", "{BF92B00B-18FC-43F4-91DA-3BB5D7B3DAB9}"
EndProject
Project("{9A19103F-16F7-4668-BE54-9A1E7A4F7556}") = "Task_05_08", "Task_05_08\Task_05_08.csproj", "{9D2312BC-62E2-40A6-B501-BB8639C044CF}"
EndProject
Project("{9A19103F-16F7-4668-BE54-9A1E7A4F7556}") = "Task_05_09", "Task_05_09\Task_05_09.csproj", "{6348CEA2-EF5A-4BA5-ADCE-A2F1030AEB42}"
EndProject
Project("{2150E333-8FDC-42A3-9474-1A3956D46DE8}") = "Lesson_10", "Lesson_10", "{AE213050-7B45-4C96-8A74-8E0CFF0E4DDF}"
EndProject
Project("{9A19103F-16F7-4668-BE54-9A1E7A4F7556}") = "Task_10_06", "Task_10_06\Task_10_06.csproj", "{E70C6C6E-FC86-4E58-8BAB-07EECF80C942}"
EndProject
Project("{9A19103F-16F7-4668-BE54-9A1E7A4F7556}") = "Task_10_07", "Task_10_07\Task_10_07.csproj", "{C0AE8E70-0F04-44B7-94F0-4015D318E2CF}"
EndProject
Project("{9A19103F-16F7-4668-BE54-9A1E7A4F7556}") = "Task_10_08", "Task_10_08\Task_10_08.csproj", "{97B2F923-E107-45F7-B8F5-9D23B42597B2}"
EndProject
Project("{2150E333-8FDC-42A3-9474-1A3956D46DE8}") = "Lesson_11", "Lesson_11", "{61C0DB34-391A-4A7D-A083-A0DD9E2AB14C}"
EndProject
Project("{9A19103F-16F7-4668-BE54-9A1E7A4F7556}") = "Task_11_01", "Task_11_01\Task_11_01.csproj", "{5165625A-5074-4D4D-9AC6-80B9E7A929D7}"
EndProject
Project("{9A19103F-16F7-4668-BE54-9A1E7A4F7556}") = "Task_11_02", "Task_11_02\Task_11_02.csproj", "{C77CC8BD-4DBE-4520-90FD-8E493682D76C}"
EndProject
Project("{9A19103F-16F7-4668-BE54-9A1E7A4F7556}") = "Task_11_03", "Task_11_03\Task_11_03.csproj", "{D5617262-0344-4964-A8BF-8B09BBF3B526}"
EndProject
Project("{9A19103F-16F7-4668-BE54-9A1E7A4F7556}") = "Task_11_04", "Task_11_04\Task_11_04.csproj", "{8668BB8F-2A60-425E-9C33-1D67C4506BF8}"
EndProject
Project("{9A19103F-16F7-4668-BE54-9A1E7A4F7556}") = "Task_11_05", "Task_11_05\Task_11_05.csproj", "{1DEE3876-2A36-4B62-9893-42218A2516AE}"
EndProject
Project("{9A19103F-16F7-4668-BE54-9A1E7A4F7556}") = "Task_11_06", "Task_11_06\Task_11_06.csproj", "{351E8C71-8F8C-40B3-91E3-3013F2E2F4E9}"
EndProject
Project("{2150E333-8FDC-42A3-9474-1A3956D46DE8}") = "Lesson_12", "Lesson_12", "{F7B5BBBC-2576-4287-A601-97E23302D323}"
EndProject
Project("{9A19103F-16F7-4668-BE54-9A1E7A4F7556}") = "Task_12_02", "Task_12_01\Task_12_02.csproj", "{783D2669-117D-412A-AEB9-3892C303FC82}"
EndProject
Project("{2150E333-8FDC-42A3-9474-1A3956D46DE8}") = "Lesson_13", "Lesson_13", "{C2237DEA-73C5-4442-81EC-A28E34C21A90}"
EndProject
Project("{9A19103F-16F7-4668-BE54-9A1E7A4F7556}") = "Task_13_02", "Task_13_02\Task_13_02.csproj", "{96FB8021-DD70-4D25-8F3E-FC41E2E632C6}"
EndProject
Project("{9A19103F-16F7-4668-BE54-9A1E7A4F7556}") = "Task_13_03", "Task_13_03\Task_13_03.csproj", "{C4AE9E8E-B453-4005-81CF-DD70A3E4ADE7}"
EndProject
Project("{2150E333-8FDC-42A3-9474-1A3956D46DE8}") = "Lesson_14", "Lesson_14", "{0251EFEF-F2B6-49ED-8693-FEB6F3ABFCC9}"
EndProject
Project("{9A19103F-16F7-4668-BE54-9A1E7A4F7556}") = "Task_14_03", "Task_14_03\Task_14_03.csproj", "{64D8060A-A68D-4FEB-A59E-A37BFDB2B042}"
EndProject
Project("{9A19103F-16F7-4668-BE54-9A1E7A4F7556}") = "Task_14_04", "Task_14_04\Task_14_04.csproj", "{489789B3-DE07-491F-A28D-FE67D4056985}"
EndProject
Project("{2150E333-8FDC-42A3-9474-1A3956D46DE8}") = "Lesson_19", "Lesson_19", "{6D48CF27-43D7-4DFB-B60C-72FED78B3626}"
EndProject
Project("{9A19103F-16F7-4668-BE54-9A1E7A4F7556}") = "Task_19_01", "Task_19_01\Task_19_01.csproj", "{D358B76D-EE55-42A1-B0B8-E6B2DA838011}"
EndProject
Project("{9A19103F-16F7-4668-BE54-9A1E7A4F7556}") = "Task_19_02", "Task_19_02\Task_19_02.csproj", "{30DEE2EB-1E37-4C21-877A-75707BB5E54F}"
EndProject
Project("{9A19103F-16F7-4668-BE54-9A1E7A4F7556}") = "Task_19_03", "Task_19_03\Task_19_03.csproj", "{136E0326-9C0D-4B2F-87A9-1A56968E3145}"
EndProject
Project("{2150E333-8FDC-42A3-9474-1A3956D46DE8}") = "Lesson_20", "Lesson_20", "{83448D60-F6A0-4B0A-9E47-16AA3A4F6686}"
EndProject
Project("{9A19103F-16F7-4668-BE54-9A1E7A4F7556}") = "Task_20_04r", "Task_20_04r\Task_20_04r.csproj", "{CC550187-6883-4E35-AE1E-287C5E62C5F3}"
EndProject
Project("{9A19103F-16F7-4668-BE54-9A1E7A4F7556}") = "Task_20_05", "Task_20_05\Task_20_05.csproj", "{3156EF01-53E1-44C9-B7DB-EB1E91869DA1}"
EndProject
Project("{9A19103F-16F7-4668-BE54-9A1E7A4F7556}") = "Task_20_06", "Task_20_06\Task_20_06.csproj", "{C12A8C85-4371-4D5D-BFEE-1BAD3133B0F4}"
EndProject
Project("{2150E333-8FDC-42A3-9474-1A3956D46DE8}") = "Lesson_21", "Lesson_21", "{805259D4-AE20-4580-A673-F501756BCBBA}"
EndProject
Project("{9A19103F-16F7-4668-BE54-9A1E7A4F7556}") = "Task_21_06", "Task_21_06\Task_21_06.csproj", "{D3273383-E875-4827-9EBB-1299B7930D3D}"
EndProject
Project("{9A19103F-16F7-4668-BE54-9A1E7A4F7556}") = "Task_21_07", "Task_21_07\Task_21_07.csproj", "{CFBB7356-2BDB-46A0-9509-C94C11F8CB98}"
EndProject
Project("{9A19103F-16F7-4668-BE54-9A1E7A4F7556}") = "Task_21_08", "Task_21_08\Task_21_08.csproj", "{79B29368-60AE-4FE5-997C-082DDD6EB08A}"
EndProject
Project("{9A19103F-16F7-4668-BE54-9A1E7A4F7556}") = "Task_21_09", "Task_21_09\Task_21_09.csproj", "{C033E878-9856-4634-854E-607D4A10262D}"
EndProject
Project("{9A19103F-16F7-4668-BE54-9A1E7A4F7556}") = "Task_21_10", "Task_21_10\Task_21_10.csproj", "{4EC25CEA-7CD7-4DEC-9AA5-3EAAC62F1970}"
EndProject
Project("{2150E333-8FDC-42A3-9474-1A3956D46DE8}") = "Lesson_23", "Lesson_23", "{D811BAC9-BABC-4259-9DE5-D8D159E26A25}"
EndProject
Project("{FAE04EC0-301F-11D3-BF4B-00C04F79EFBC}") = "Task_23_06", "Task_23_06\Task_23_06.csproj", "{B456CBD9-56A5-40A7-B2D2-748085EE7415}"
EndProject
Project("{2150E333-8FDC-42A3-9474-1A3956D46DE8}") = "Lesson_24", "Lesson_24", "{238D9E08-5464-4D5E-86DF-4780B9D5465A}"
EndProject
Project("{FAE04EC0-301F-11D3-BF4B-00C04F79EFBC}") = "Task_24_06", "Task_24_06\Task_24_06.csproj", "{0F209D92-B8BD-449B-85CA-9DE8A6342BEA}"
EndProject
Project("{FAE04EC0-301F-11D3-BF4B-00C04F79EFBC}") = "Task_24_07", "Task_24_07\Task_24_07.csproj", "{D89E10AC-1023-4E56-8AA9-70DC5AC58956}"
EndProject
Project("{FAE04EC0-301F-11D3-BF4B-00C04F79EFBC}") = "Task_24_08", "Task_24_08\Task_24_08.csproj", "{6F32599F-107D-40C7-9C3D-29061FA8EAE3}"
EndProject
Global
	GlobalSection(SolutionConfigurationPlatforms) = preSolution
		Debug|Any CPU = Debug|Any CPU
		Release|Any CPU = Release|Any CPU
	EndGlobalSection
	GlobalSection(ProjectConfigurationPlatforms) = postSolution
		{0E3C1685-7469-440F-B703-1682945D60B3}.Debug|Any CPU.ActiveCfg = Debug|Any CPU
		{0E3C1685-7469-440F-B703-1682945D60B3}.Debug|Any CPU.Build.0 = Debug|Any CPU
		{0E3C1685-7469-440F-B703-1682945D60B3}.Release|Any CPU.ActiveCfg = Release|Any CPU
		{0E3C1685-7469-440F-B703-1682945D60B3}.Release|Any CPU.Build.0 = Release|Any CPU
		{72868983-C018-495D-BB46-FF951032B9EE}.Debug|Any CPU.ActiveCfg = Debug|Any CPU
		{72868983-C018-495D-BB46-FF951032B9EE}.Debug|Any CPU.Build.0 = Debug|Any CPU
		{72868983-C018-495D-BB46-FF951032B9EE}.Release|Any CPU.ActiveCfg = Release|Any CPU
		{72868983-C018-495D-BB46-FF951032B9EE}.Release|Any CPU.Build.0 = Release|Any CPU
		{400F002E-05F1-46CA-A4E0-625E258F9C6C}.Debug|Any CPU.ActiveCfg = Debug|Any CPU
		{400F002E-05F1-46CA-A4E0-625E258F9C6C}.Debug|Any CPU.Build.0 = Debug|Any CPU
		{400F002E-05F1-46CA-A4E0-625E258F9C6C}.Release|Any CPU.ActiveCfg = Release|Any CPU
		{400F002E-05F1-46CA-A4E0-625E258F9C6C}.Release|Any CPU.Build.0 = Release|Any CPU
		{5137AB87-16D5-4122-9B7D-CAFE90C6CD7A}.Debug|Any CPU.ActiveCfg = Debug|Any CPU
		{5137AB87-16D5-4122-9B7D-CAFE90C6CD7A}.Debug|Any CPU.Build.0 = Debug|Any CPU
		{5137AB87-16D5-4122-9B7D-CAFE90C6CD7A}.Release|Any CPU.ActiveCfg = Release|Any CPU
		{5137AB87-16D5-4122-9B7D-CAFE90C6CD7A}.Release|Any CPU.Build.0 = Release|Any CPU
		{B2D10DDB-E84C-45BD-96F3-60984CBE5E0E}.Debug|Any CPU.ActiveCfg = Debug|Any CPU
		{B2D10DDB-E84C-45BD-96F3-60984CBE5E0E}.Debug|Any CPU.Build.0 = Debug|Any CPU
		{B2D10DDB-E84C-45BD-96F3-60984CBE5E0E}.Release|Any CPU.ActiveCfg = Release|Any CPU
		{B2D10DDB-E84C-45BD-96F3-60984CBE5E0E}.Release|Any CPU.Build.0 = Release|Any CPU
		{CA46D5D5-BD9F-4CE9-9B32-8328862924E5}.Debug|Any CPU.ActiveCfg = Debug|Any CPU
		{CA46D5D5-BD9F-4CE9-9B32-8328862924E5}.Debug|Any CPU.Build.0 = Debug|Any CPU
		{CA46D5D5-BD9F-4CE9-9B32-8328862924E5}.Release|Any CPU.ActiveCfg = Release|Any CPU
		{CA46D5D5-BD9F-4CE9-9B32-8328862924E5}.Release|Any CPU.Build.0 = Release|Any CPU
		{00882B74-5CC5-4785-B414-B93F126858FA}.Debug|Any CPU.ActiveCfg = Debug|Any CPU
		{00882B74-5CC5-4785-B414-B93F126858FA}.Debug|Any CPU.Build.0 = Debug|Any CPU
		{00882B74-5CC5-4785-B414-B93F126858FA}.Release|Any CPU.ActiveCfg = Release|Any CPU
		{00882B74-5CC5-4785-B414-B93F126858FA}.Release|Any CPU.Build.0 = Release|Any CPU
		{78BBDF0F-3012-42A4-8A83-6C22021B7F80}.Debug|Any CPU.ActiveCfg = Debug|Any CPU
		{78BBDF0F-3012-42A4-8A83-6C22021B7F80}.Debug|Any CPU.Build.0 = Debug|Any CPU
		{78BBDF0F-3012-42A4-8A83-6C22021B7F80}.Release|Any CPU.ActiveCfg = Release|Any CPU
		{78BBDF0F-3012-42A4-8A83-6C22021B7F80}.Release|Any CPU.Build.0 = Release|Any CPU
		{31314D31-F0C7-47E1-AB68-257D3E2208B8}.Debug|Any CPU.ActiveCfg = Debug|Any CPU
		{31314D31-F0C7-47E1-AB68-257D3E2208B8}.Debug|Any CPU.Build.0 = Debug|Any CPU
		{31314D31-F0C7-47E1-AB68-257D3E2208B8}.Release|Any CPU.ActiveCfg = Release|Any CPU
		{31314D31-F0C7-47E1-AB68-257D3E2208B8}.Release|Any CPU.Build.0 = Release|Any CPU
		{D22ABC84-B66A-487A-ACBD-64E64939FCBB}.Debug|Any CPU.ActiveCfg = Debug|Any CPU
		{D22ABC84-B66A-487A-ACBD-64E64939FCBB}.Debug|Any CPU.Build.0 = Debug|Any CPU
		{D22ABC84-B66A-487A-ACBD-64E64939FCBB}.Release|Any CPU.ActiveCfg = Release|Any CPU
		{D22ABC84-B66A-487A-ACBD-64E64939FCBB}.Release|Any CPU.Build.0 = Release|Any CPU
		{5D18E2A0-4409-4EC9-9D20-5B0E44BF1D24}.Debug|Any CPU.ActiveCfg = Debug|Any CPU
		{5D18E2A0-4409-4EC9-9D20-5B0E44BF1D24}.Debug|Any CPU.Build.0 = Debug|Any CPU
		{5D18E2A0-4409-4EC9-9D20-5B0E44BF1D24}.Release|Any CPU.ActiveCfg = Release|Any CPU
		{5D18E2A0-4409-4EC9-9D20-5B0E44BF1D24}.Release|Any CPU.Build.0 = Release|Any CPU
		{EE0924E5-2A41-4B70-A21F-720E1BA752B6}.Debug|Any CPU.ActiveCfg = Debug|Any CPU
		{EE0924E5-2A41-4B70-A21F-720E1BA752B6}.Debug|Any CPU.Build.0 = Debug|Any CPU
		{EE0924E5-2A41-4B70-A21F-720E1BA752B6}.Release|Any CPU.ActiveCfg = Release|Any CPU
		{EE0924E5-2A41-4B70-A21F-720E1BA752B6}.Release|Any CPU.Build.0 = Release|Any CPU
		{CDD6FA2C-4110-44C3-A788-AE734AF812DF}.Debug|Any CPU.ActiveCfg = Debug|Any CPU
		{CDD6FA2C-4110-44C3-A788-AE734AF812DF}.Debug|Any CPU.Build.0 = Debug|Any CPU
		{CDD6FA2C-4110-44C3-A788-AE734AF812DF}.Release|Any CPU.ActiveCfg = Release|Any CPU
		{CDD6FA2C-4110-44C3-A788-AE734AF812DF}.Release|Any CPU.Build.0 = Release|Any CPU
		{CCBACAC4-9CE4-497D-9194-C9B38E88E126}.Debug|Any CPU.ActiveCfg = Debug|Any CPU
		{CCBACAC4-9CE4-497D-9194-C9B38E88E126}.Debug|Any CPU.Build.0 = Debug|Any CPU
		{CCBACAC4-9CE4-497D-9194-C9B38E88E126}.Release|Any CPU.ActiveCfg = Release|Any CPU
		{CCBACAC4-9CE4-497D-9194-C9B38E88E126}.Release|Any CPU.Build.0 = Release|Any CPU
		{536EC878-796D-4F8D-A057-F8761F1AE46F}.Debug|Any CPU.ActiveCfg = Debug|Any CPU
		{536EC878-796D-4F8D-A057-F8761F1AE46F}.Debug|Any CPU.Build.0 = Debug|Any CPU
		{536EC878-796D-4F8D-A057-F8761F1AE46F}.Release|Any CPU.ActiveCfg = Release|Any CPU
		{536EC878-796D-4F8D-A057-F8761F1AE46F}.Release|Any CPU.Build.0 = Release|Any CPU
		{DB30FF55-A244-4104-A247-F58F7CAA29D2}.Debug|Any CPU.ActiveCfg = Debug|Any CPU
		{DB30FF55-A244-4104-A247-F58F7CAA29D2}.Debug|Any CPU.Build.0 = Debug|Any CPU
		{DB30FF55-A244-4104-A247-F58F7CAA29D2}.Release|Any CPU.ActiveCfg = Release|Any CPU
		{DB30FF55-A244-4104-A247-F58F7CAA29D2}.Release|Any CPU.Build.0 = Release|Any CPU
		{808CAA84-007D-402B-BF7C-CD6E0CF503CB}.Debug|Any CPU.ActiveCfg = Debug|Any CPU
		{808CAA84-007D-402B-BF7C-CD6E0CF503CB}.Debug|Any CPU.Build.0 = Debug|Any CPU
		{808CAA84-007D-402B-BF7C-CD6E0CF503CB}.Release|Any CPU.ActiveCfg = Release|Any CPU
		{808CAA84-007D-402B-BF7C-CD6E0CF503CB}.Release|Any CPU.Build.0 = Release|Any CPU
		{3176C8D7-2D84-4BF8-B5C0-CCA60406FEC1}.Debug|Any CPU.ActiveCfg = Debug|Any CPU
		{3176C8D7-2D84-4BF8-B5C0-CCA60406FEC1}.Debug|Any CPU.Build.0 = Debug|Any CPU
		{3176C8D7-2D84-4BF8-B5C0-CCA60406FEC1}.Release|Any CPU.ActiveCfg = Release|Any CPU
		{3176C8D7-2D84-4BF8-B5C0-CCA60406FEC1}.Release|Any CPU.Build.0 = Release|Any CPU
		{BF92B00B-18FC-43F4-91DA-3BB5D7B3DAB9}.Debug|Any CPU.ActiveCfg = Debug|Any CPU
		{BF92B00B-18FC-43F4-91DA-3BB5D7B3DAB9}.Debug|Any CPU.Build.0 = Debug|Any CPU
		{BF92B00B-18FC-43F4-91DA-3BB5D7B3DAB9}.Release|Any CPU.ActiveCfg = Release|Any CPU
		{BF92B00B-18FC-43F4-91DA-3BB5D7B3DAB9}.Release|Any CPU.Build.0 = Release|Any CPU
		{9D2312BC-62E2-40A6-B501-BB8639C044CF}.Debug|Any CPU.ActiveCfg = Debug|Any CPU
		{9D2312BC-62E2-40A6-B501-BB8639C044CF}.Debug|Any CPU.Build.0 = Debug|Any CPU
		{9D2312BC-62E2-40A6-B501-BB8639C044CF}.Release|Any CPU.ActiveCfg = Release|Any CPU
		{9D2312BC-62E2-40A6-B501-BB8639C044CF}.Release|Any CPU.Build.0 = Release|Any CPU
		{6348CEA2-EF5A-4BA5-ADCE-A2F1030AEB42}.Debug|Any CPU.ActiveCfg = Debug|Any CPU
		{6348CEA2-EF5A-4BA5-ADCE-A2F1030AEB42}.Debug|Any CPU.Build.0 = Debug|Any CPU
		{6348CEA2-EF5A-4BA5-ADCE-A2F1030AEB42}.Release|Any CPU.ActiveCfg = Release|Any CPU
		{6348CEA2-EF5A-4BA5-ADCE-A2F1030AEB42}.Release|Any CPU.Build.0 = Release|Any CPU
		{E70C6C6E-FC86-4E58-8BAB-07EECF80C942}.Debug|Any CPU.ActiveCfg = Debug|Any CPU
		{E70C6C6E-FC86-4E58-8BAB-07EECF80C942}.Debug|Any CPU.Build.0 = Debug|Any CPU
		{E70C6C6E-FC86-4E58-8BAB-07EECF80C942}.Release|Any CPU.ActiveCfg = Release|Any CPU
		{E70C6C6E-FC86-4E58-8BAB-07EECF80C942}.Release|Any CPU.Build.0 = Release|Any CPU
		{C0AE8E70-0F04-44B7-94F0-4015D318E2CF}.Debug|Any CPU.ActiveCfg = Debug|Any CPU
		{C0AE8E70-0F04-44B7-94F0-4015D318E2CF}.Debug|Any CPU.Build.0 = Debug|Any CPU
		{C0AE8E70-0F04-44B7-94F0-4015D318E2CF}.Release|Any CPU.ActiveCfg = Release|Any CPU
		{C0AE8E70-0F04-44B7-94F0-4015D318E2CF}.Release|Any CPU.Build.0 = Release|Any CPU
		{97B2F923-E107-45F7-B8F5-9D23B42597B2}.Debug|Any CPU.ActiveCfg = Debug|Any CPU
		{97B2F923-E107-45F7-B8F5-9D23B42597B2}.Debug|Any CPU.Build.0 = Debug|Any CPU
		{97B2F923-E107-45F7-B8F5-9D23B42597B2}.Release|Any CPU.ActiveCfg = Release|Any CPU
		{97B2F923-E107-45F7-B8F5-9D23B42597B2}.Release|Any CPU.Build.0 = Release|Any CPU
		{5165625A-5074-4D4D-9AC6-80B9E7A929D7}.Debug|Any CPU.ActiveCfg = Debug|Any CPU
		{5165625A-5074-4D4D-9AC6-80B9E7A929D7}.Debug|Any CPU.Build.0 = Debug|Any CPU
		{5165625A-5074-4D4D-9AC6-80B9E7A929D7}.Release|Any CPU.ActiveCfg = Release|Any CPU
		{5165625A-5074-4D4D-9AC6-80B9E7A929D7}.Release|Any CPU.Build.0 = Release|Any CPU
		{C77CC8BD-4DBE-4520-90FD-8E493682D76C}.Debug|Any CPU.ActiveCfg = Debug|Any CPU
		{C77CC8BD-4DBE-4520-90FD-8E493682D76C}.Debug|Any CPU.Build.0 = Debug|Any CPU
		{C77CC8BD-4DBE-4520-90FD-8E493682D76C}.Release|Any CPU.ActiveCfg = Release|Any CPU
		{C77CC8BD-4DBE-4520-90FD-8E493682D76C}.Release|Any CPU.Build.0 = Release|Any CPU
		{D5617262-0344-4964-A8BF-8B09BBF3B526}.Debug|Any CPU.ActiveCfg = Debug|Any CPU
		{D5617262-0344-4964-A8BF-8B09BBF3B526}.Debug|Any CPU.Build.0 = Debug|Any CPU
		{D5617262-0344-4964-A8BF-8B09BBF3B526}.Release|Any CPU.ActiveCfg = Release|Any CPU
		{D5617262-0344-4964-A8BF-8B09BBF3B526}.Release|Any CPU.Build.0 = Release|Any CPU
		{8668BB8F-2A60-425E-9C33-1D67C4506BF8}.Debug|Any CPU.ActiveCfg = Debug|Any CPU
		{8668BB8F-2A60-425E-9C33-1D67C4506BF8}.Debug|Any CPU.Build.0 = Debug|Any CPU
		{8668BB8F-2A60-425E-9C33-1D67C4506BF8}.Release|Any CPU.ActiveCfg = Release|Any CPU
		{8668BB8F-2A60-425E-9C33-1D67C4506BF8}.Release|Any CPU.Build.0 = Release|Any CPU
		{1DEE3876-2A36-4B62-9893-42218A2516AE}.Debug|Any CPU.ActiveCfg = Debug|Any CPU
		{1DEE3876-2A36-4B62-9893-42218A2516AE}.Debug|Any CPU.Build.0 = Debug|Any CPU
		{1DEE3876-2A36-4B62-9893-42218A2516AE}.Release|Any CPU.ActiveCfg = Release|Any CPU
		{1DEE3876-2A36-4B62-9893-42218A2516AE}.Release|Any CPU.Build.0 = Release|Any CPU
		{351E8C71-8F8C-40B3-91E3-3013F2E2F4E9}.Debug|Any CPU.ActiveCfg = Debug|Any CPU
		{351E8C71-8F8C-40B3-91E3-3013F2E2F4E9}.Debug|Any CPU.Build.0 = Debug|Any CPU
		{351E8C71-8F8C-40B3-91E3-3013F2E2F4E9}.Release|Any CPU.ActiveCfg = Release|Any CPU
		{351E8C71-8F8C-40B3-91E3-3013F2E2F4E9}.Release|Any CPU.Build.0 = Release|Any CPU
		{783D2669-117D-412A-AEB9-3892C303FC82}.Debug|Any CPU.ActiveCfg = Debug|Any CPU
		{783D2669-117D-412A-AEB9-3892C303FC82}.Debug|Any CPU.Build.0 = Debug|Any CPU
		{783D2669-117D-412A-AEB9-3892C303FC82}.Release|Any CPU.ActiveCfg = Release|Any CPU
		{783D2669-117D-412A-AEB9-3892C303FC82}.Release|Any CPU.Build.0 = Release|Any CPU
		{96FB8021-DD70-4D25-8F3E-FC41E2E632C6}.Debug|Any CPU.ActiveCfg = Debug|Any CPU
		{96FB8021-DD70-4D25-8F3E-FC41E2E632C6}.Debug|Any CPU.Build.0 = Debug|Any CPU
		{96FB8021-DD70-4D25-8F3E-FC41E2E632C6}.Release|Any CPU.ActiveCfg = Release|Any CPU
		{96FB8021-DD70-4D25-8F3E-FC41E2E632C6}.Release|Any CPU.Build.0 = Release|Any CPU
		{C4AE9E8E-B453-4005-81CF-DD70A3E4ADE7}.Debug|Any CPU.ActiveCfg = Debug|Any CPU
		{C4AE9E8E-B453-4005-81CF-DD70A3E4ADE7}.Debug|Any CPU.Build.0 = Debug|Any CPU
		{C4AE9E8E-B453-4005-81CF-DD70A3E4ADE7}.Release|Any CPU.ActiveCfg = Release|Any CPU
		{C4AE9E8E-B453-4005-81CF-DD70A3E4ADE7}.Release|Any CPU.Build.0 = Release|Any CPU
		{64D8060A-A68D-4FEB-A59E-A37BFDB2B042}.Debug|Any CPU.ActiveCfg = Debug|Any CPU
		{64D8060A-A68D-4FEB-A59E-A37BFDB2B042}.Debug|Any CPU.Build.0 = Debug|Any CPU
		{64D8060A-A68D-4FEB-A59E-A37BFDB2B042}.Release|Any CPU.ActiveCfg = Release|Any CPU
		{64D8060A-A68D-4FEB-A59E-A37BFDB2B042}.Release|Any CPU.Build.0 = Release|Any CPU
		{489789B3-DE07-491F-A28D-FE67D4056985}.Debug|Any CPU.ActiveCfg = Debug|Any CPU
		{489789B3-DE07-491F-A28D-FE67D4056985}.Debug|Any CPU.Build.0 = Debug|Any CPU
		{489789B3-DE07-491F-A28D-FE67D4056985}.Release|Any CPU.ActiveCfg = Release|Any CPU
		{489789B3-DE07-491F-A28D-FE67D4056985}.Release|Any CPU.Build.0 = Release|Any CPU
		{D358B76D-EE55-42A1-B0B8-E6B2DA838011}.Debug|Any CPU.ActiveCfg = Debug|Any CPU
		{D358B76D-EE55-42A1-B0B8-E6B2DA838011}.Debug|Any CPU.Build.0 = Debug|Any CPU
		{D358B76D-EE55-42A1-B0B8-E6B2DA838011}.Release|Any CPU.ActiveCfg = Release|Any CPU
		{D358B76D-EE55-42A1-B0B8-E6B2DA838011}.Release|Any CPU.Build.0 = Release|Any CPU
		{30DEE2EB-1E37-4C21-877A-75707BB5E54F}.Debug|Any CPU.ActiveCfg = Debug|Any CPU
		{30DEE2EB-1E37-4C21-877A-75707BB5E54F}.Debug|Any CPU.Build.0 = Debug|Any CPU
		{30DEE2EB-1E37-4C21-877A-75707BB5E54F}.Release|Any CPU.ActiveCfg = Release|Any CPU
		{30DEE2EB-1E37-4C21-877A-75707BB5E54F}.Release|Any CPU.Build.0 = Release|Any CPU
		{136E0326-9C0D-4B2F-87A9-1A56968E3145}.Debug|Any CPU.ActiveCfg = Debug|Any CPU
		{136E0326-9C0D-4B2F-87A9-1A56968E3145}.Debug|Any CPU.Build.0 = Debug|Any CPU
		{136E0326-9C0D-4B2F-87A9-1A56968E3145}.Release|Any CPU.ActiveCfg = Release|Any CPU
		{136E0326-9C0D-4B2F-87A9-1A56968E3145}.Release|Any CPU.Build.0 = Release|Any CPU
		{CC550187-6883-4E35-AE1E-287C5E62C5F3}.Debug|Any CPU.ActiveCfg = Debug|Any CPU
		{CC550187-6883-4E35-AE1E-287C5E62C5F3}.Debug|Any CPU.Build.0 = Debug|Any CPU
		{CC550187-6883-4E35-AE1E-287C5E62C5F3}.Release|Any CPU.ActiveCfg = Release|Any CPU
		{CC550187-6883-4E35-AE1E-287C5E62C5F3}.Release|Any CPU.Build.0 = Release|Any CPU
		{3156EF01-53E1-44C9-B7DB-EB1E91869DA1}.Debug|Any CPU.ActiveCfg = Debug|Any CPU
		{3156EF01-53E1-44C9-B7DB-EB1E91869DA1}.Debug|Any CPU.Build.0 = Debug|Any CPU
		{3156EF01-53E1-44C9-B7DB-EB1E91869DA1}.Release|Any CPU.ActiveCfg = Release|Any CPU
		{3156EF01-53E1-44C9-B7DB-EB1E91869DA1}.Release|Any CPU.Build.0 = Release|Any CPU
		{C12A8C85-4371-4D5D-BFEE-1BAD3133B0F4}.Debug|Any CPU.ActiveCfg = Debug|Any CPU
		{C12A8C85-4371-4D5D-BFEE-1BAD3133B0F4}.Debug|Any CPU.Build.0 = Debug|Any CPU
		{C12A8C85-4371-4D5D-BFEE-1BAD3133B0F4}.Release|Any CPU.ActiveCfg = Release|Any CPU
		{C12A8C85-4371-4D5D-BFEE-1BAD3133B0F4}.Release|Any CPU.Build.0 = Release|Any CPU
		{D3273383-E875-4827-9EBB-1299B7930D3D}.Debug|Any CPU.ActiveCfg = Debug|Any CPU
		{D3273383-E875-4827-9EBB-1299B7930D3D}.Debug|Any CPU.Build.0 = Debug|Any CPU
		{D3273383-E875-4827-9EBB-1299B7930D3D}.Release|Any CPU.ActiveCfg = Release|Any CPU
		{D3273383-E875-4827-9EBB-1299B7930D3D}.Release|Any CPU.Build.0 = Release|Any CPU
		{CFBB7356-2BDB-46A0-9509-C94C11F8CB98}.Debug|Any CPU.ActiveCfg = Debug|Any CPU
		{CFBB7356-2BDB-46A0-9509-C94C11F8CB98}.Debug|Any CPU.Build.0 = Debug|Any CPU
		{CFBB7356-2BDB-46A0-9509-C94C11F8CB98}.Release|Any CPU.ActiveCfg = Release|Any CPU
		{CFBB7356-2BDB-46A0-9509-C94C11F8CB98}.Release|Any CPU.Build.0 = Release|Any CPU
		{79B29368-60AE-4FE5-997C-082DDD6EB08A}.Debug|Any CPU.ActiveCfg = Debug|Any CPU
		{79B29368-60AE-4FE5-997C-082DDD6EB08A}.Debug|Any CPU.Build.0 = Debug|Any CPU
		{79B29368-60AE-4FE5-997C-082DDD6EB08A}.Release|Any CPU.ActiveCfg = Release|Any CPU
		{79B29368-60AE-4FE5-997C-082DDD6EB08A}.Release|Any CPU.Build.0 = Release|Any CPU
		{C033E878-9856-4634-854E-607D4A10262D}.Debug|Any CPU.ActiveCfg = Debug|Any CPU
		{C033E878-9856-4634-854E-607D4A10262D}.Debug|Any CPU.Build.0 = Debug|Any CPU
		{C033E878-9856-4634-854E-607D4A10262D}.Release|Any CPU.ActiveCfg = Release|Any CPU
		{C033E878-9856-4634-854E-607D4A10262D}.Release|Any CPU.Build.0 = Release|Any CPU
		{4EC25CEA-7CD7-4DEC-9AA5-3EAAC62F1970}.Debug|Any CPU.ActiveCfg = Debug|Any CPU
		{4EC25CEA-7CD7-4DEC-9AA5-3EAAC62F1970}.Debug|Any CPU.Build.0 = Debug|Any CPU
		{4EC25CEA-7CD7-4DEC-9AA5-3EAAC62F1970}.Release|Any CPU.ActiveCfg = Release|Any CPU
		{4EC25CEA-7CD7-4DEC-9AA5-3EAAC62F1970}.Release|Any CPU.Build.0 = Release|Any CPU
		{B456CBD9-56A5-40A7-B2D2-748085EE7415}.Debug|Any CPU.ActiveCfg = Debug|Any CPU
		{B456CBD9-56A5-40A7-B2D2-748085EE7415}.Debug|Any CPU.Build.0 = Debug|Any CPU
		{B456CBD9-56A5-40A7-B2D2-748085EE7415}.Release|Any CPU.ActiveCfg = Release|Any CPU
		{B456CBD9-56A5-40A7-B2D2-748085EE7415}.Release|Any CPU.Build.0 = Release|Any CPU
		{0F209D92-B8BD-449B-85CA-9DE8A6342BEA}.Debug|Any CPU.ActiveCfg = Debug|Any CPU
		{0F209D92-B8BD-449B-85CA-9DE8A6342BEA}.Debug|Any CPU.Build.0 = Debug|Any CPU
		{0F209D92-B8BD-449B-85CA-9DE8A6342BEA}.Release|Any CPU.ActiveCfg = Release|Any CPU
		{0F209D92-B8BD-449B-85CA-9DE8A6342BEA}.Release|Any CPU.Build.0 = Release|Any CPU
		{D89E10AC-1023-4E56-8AA9-70DC5AC58956}.Debug|Any CPU.ActiveCfg = Debug|Any CPU
		{D89E10AC-1023-4E56-8AA9-70DC5AC58956}.Debug|Any CPU.Build.0 = Debug|Any CPU
		{D89E10AC-1023-4E56-8AA9-70DC5AC58956}.Release|Any CPU.ActiveCfg = Release|Any CPU
		{D89E10AC-1023-4E56-8AA9-70DC5AC58956}.Release|Any CPU.Build.0 = Release|Any CPU
		{6F32599F-107D-40C7-9C3D-29061FA8EAE3}.Debug|Any CPU.ActiveCfg = Debug|Any CPU
		{6F32599F-107D-40C7-9C3D-29061FA8EAE3}.Debug|Any CPU.Build.0 = Debug|Any CPU
		{6F32599F-107D-40C7-9C3D-29061FA8EAE3}.Release|Any CPU.ActiveCfg = Release|Any CPU
		{6F32599F-107D-40C7-9C3D-29061FA8EAE3}.Release|Any CPU.Build.0 = Release|Any CPU
	EndGlobalSection
	GlobalSection(SolutionProperties) = preSolution
		HideSolutionNode = FALSE
	EndGlobalSection
	GlobalSection(NestedProjects) = preSolution
		{0E3C1685-7469-440F-B703-1682945D60B3} = {5E44A6BD-6DC7-4CFB-B1BA-3AB66273F9D3}
		{72868983-C018-495D-BB46-FF951032B9EE} = {5E44A6BD-6DC7-4CFB-B1BA-3AB66273F9D3}
		{400F002E-05F1-46CA-A4E0-625E258F9C6C} = {28E903E6-E45A-43E7-9F9E-215DCFCE58DA}
		{5137AB87-16D5-4122-9B7D-CAFE90C6CD7A} = {28E903E6-E45A-43E7-9F9E-215DCFCE58DA}
		{B2D10DDB-E84C-45BD-96F3-60984CBE5E0E} = {28E903E6-E45A-43E7-9F9E-215DCFCE58DA}
		{CA46D5D5-BD9F-4CE9-9B32-8328862924E5} = {28E903E6-E45A-43E7-9F9E-215DCFCE58DA}
		{00882B74-5CC5-4785-B414-B93F126858FA} = {28E903E6-E45A-43E7-9F9E-215DCFCE58DA}
		{78BBDF0F-3012-42A4-8A83-6C22021B7F80} = {28E903E6-E45A-43E7-9F9E-215DCFCE58DA}
		{31314D31-F0C7-47E1-AB68-257D3E2208B8} = {A78B2E31-CC08-4407-AF1B-C8AB8147331A}
		{D22ABC84-B66A-487A-ACBD-64E64939FCBB} = {A78B2E31-CC08-4407-AF1B-C8AB8147331A}
		{5D18E2A0-4409-4EC9-9D20-5B0E44BF1D24} = {A78B2E31-CC08-4407-AF1B-C8AB8147331A}
		{EE0924E5-2A41-4B70-A21F-720E1BA752B6} = {A78B2E31-CC08-4407-AF1B-C8AB8147331A}
		{CDD6FA2C-4110-44C3-A788-AE734AF812DF} = {A78B2E31-CC08-4407-AF1B-C8AB8147331A}
		{CCBACAC4-9CE4-497D-9194-C9B38E88E126} = {A78B2E31-CC08-4407-AF1B-C8AB8147331A}
		{536EC878-796D-4F8D-A057-F8761F1AE46F} = {9934332C-1432-4961-96BE-7447F03B0E0F}
		{DB30FF55-A244-4104-A247-F58F7CAA29D2} = {9934332C-1432-4961-96BE-7447F03B0E0F}
		{808CAA84-007D-402B-BF7C-CD6E0CF503CB} = {9934332C-1432-4961-96BE-7447F03B0E0F}
		{3176C8D7-2D84-4BF8-B5C0-CCA60406FEC1} = {9934332C-1432-4961-96BE-7447F03B0E0F}
		{BF92B00B-18FC-43F4-91DA-3BB5D7B3DAB9} = {9934332C-1432-4961-96BE-7447F03B0E0F}
		{9D2312BC-62E2-40A6-B501-BB8639C044CF} = {9934332C-1432-4961-96BE-7447F03B0E0F}
		{6348CEA2-EF5A-4BA5-ADCE-A2F1030AEB42} = {9934332C-1432-4961-96BE-7447F03B0E0F}
		{E70C6C6E-FC86-4E58-8BAB-07EECF80C942} = {AE213050-7B45-4C96-8A74-8E0CFF0E4DDF}
		{C0AE8E70-0F04-44B7-94F0-4015D318E2CF} = {AE213050-7B45-4C96-8A74-8E0CFF0E4DDF}
		{97B2F923-E107-45F7-B8F5-9D23B42597B2} = {AE213050-7B45-4C96-8A74-8E0CFF0E4DDF}
		{5165625A-5074-4D4D-9AC6-80B9E7A929D7} = {61C0DB34-391A-4A7D-A083-A0DD9E2AB14C}
		{C77CC8BD-4DBE-4520-90FD-8E493682D76C} = {61C0DB34-391A-4A7D-A083-A0DD9E2AB14C}
		{D5617262-0344-4964-A8BF-8B09BBF3B526} = {61C0DB34-391A-4A7D-A083-A0DD9E2AB14C}
		{8668BB8F-2A60-425E-9C33-1D67C4506BF8} = {61C0DB34-391A-4A7D-A083-A0DD9E2AB14C}
		{1DEE3876-2A36-4B62-9893-42218A2516AE} = {61C0DB34-391A-4A7D-A083-A0DD9E2AB14C}
		{351E8C71-8F8C-40B3-91E3-3013F2E2F4E9} = {61C0DB34-391A-4A7D-A083-A0DD9E2AB14C}
		{783D2669-117D-412A-AEB9-3892C303FC82} = {F7B5BBBC-2576-4287-A601-97E23302D323}
		{96FB8021-DD70-4D25-8F3E-FC41E2E632C6} = {C2237DEA-73C5-4442-81EC-A28E34C21A90}
		{C4AE9E8E-B453-4005-81CF-DD70A3E4ADE7} = {C2237DEA-73C5-4442-81EC-A28E34C21A90}
		{64D8060A-A68D-4FEB-A59E-A37BFDB2B042} = {0251EFEF-F2B6-49ED-8693-FEB6F3ABFCC9}
		{489789B3-DE07-491F-A28D-FE67D4056985} = {0251EFEF-F2B6-49ED-8693-FEB6F3ABFCC9}
		{D358B76D-EE55-42A1-B0B8-E6B2DA838011} = {6D48CF27-43D7-4DFB-B60C-72FED78B3626}
		{30DEE2EB-1E37-4C21-877A-75707BB5E54F} = {6D48CF27-43D7-4DFB-B60C-72FED78B3626}
		{136E0326-9C0D-4B2F-87A9-1A56968E3145} = {6D48CF27-43D7-4DFB-B60C-72FED78B3626}
		{CC550187-6883-4E35-AE1E-287C5E62C5F3} = {83448D60-F6A0-4B0A-9E47-16AA3A4F6686}
		{3156EF01-53E1-44C9-B7DB-EB1E91869DA1} = {83448D60-F6A0-4B0A-9E47-16AA3A4F6686}
		{C12A8C85-4371-4D5D-BFEE-1BAD3133B0F4} = {83448D60-F6A0-4B0A-9E47-16AA3A4F6686}
		{D3273383-E875-4827-9EBB-1299B7930D3D} = {805259D4-AE20-4580-A673-F501756BCBBA}
		{CFBB7356-2BDB-46A0-9509-C94C11F8CB98} = {805259D4-AE20-4580-A673-F501756BCBBA}
		{79B29368-60AE-4FE5-997C-082DDD6EB08A} = {805259D4-AE20-4580-A673-F501756BCBBA}
		{C033E878-9856-4634-854E-607D4A10262D} = {805259D4-AE20-4580-A673-F501756BCBBA}
		{4EC25CEA-7CD7-4DEC-9AA5-3EAAC62F1970} = {805259D4-AE20-4580-A673-F501756BCBBA}
		{B456CBD9-56A5-40A7-B2D2-748085EE7415} = {D811BAC9-BABC-4259-9DE5-D8D159E26A25}
		{0F209D92-B8BD-449B-85CA-9DE8A6342BEA} = {238D9E08-5464-4D5E-86DF-4780B9D5465A}
		{D89E10AC-1023-4E56-8AA9-70DC5AC58956} = {238D9E08-5464-4D5E-86DF-4780B9D5465A}
		{6F32599F-107D-40C7-9C3D-29061FA8EAE3} = {238D9E08-5464-4D5E-86DF-4780B9D5465A}
	EndGlobalSection
	GlobalSection(ExtensibilityGlobals) = postSolution
		SolutionGuid = {C50F6772-E5D6-415F-B40B-D0F838E41F91}
	EndGlobalSection
EndGlobal
