
Microsoft Visual Studio Solution File, Format Version 12.00
# Visual Studio Version 17
VisualStudioVersion = 17.11.35303.130
MinimumVisualStudioVersion = 10.0.40219.1
Project("{2150E333-8FDC-42A3-9474-1A3956D46DE8}") = "Lesson_02", "Lesson_02", "{5E44A6BD-6DC7-4CFB-B1BA-3AB66273F9D3}"
EndProject
Project("{9A19103F-16F7-4668-BE54-9A1E7A4F7556}") = "Task_02_02", "Task_02_02\Task_02_02.csproj", "{0E3C1685-7469-440F-B703-1682945D60B3}"
EndProject
Project("{FAE04EC0-301F-11D3-BF4B-00C04F79EFBC}") = "Task_02_04", "Task_02_04\Task_02_04.csproj", "{72868983-C018-495D-BB46-FF951032B9EE}"
EndProject
Project("{2150E333-8FDC-42A3-9474-1A3956D46DE8}") = "Lesson_03", "Lesson_03", "{28E903E6-E45A-43E7-9F9E-215DCFCE58DA}"
EndProject
Project("{FAE04EC0-301F-11D3-BF4B-00C04F79EFBC}") = "Task_03_04", "Task_03_04\Task_03_04.csproj", "{400F002E-05F1-46CA-A4E0-625E258F9C6C}"
EndProject
Project("{FAE04EC0-301F-11D3-BF4B-00C04F79EFBC}") = "Task_03_05", "Task_03_05\Task_03_05.csproj", "{5137AB87-16D5-4122-9B7D-CAFE90C6CD7A}"
EndProject
Project("{FAE04EC0-301F-11D3-BF4B-00C04F79EFBC}") = "Task_03_06", "Task_03_06\Task_03_06.csproj", "{B2D10DDB-E84C-45BD-96F3-60984CBE5E0E}"
EndProject
Project("{FAE04EC0-301F-11D3-BF4B-00C04F79EFBC}") = "Task_03_07", "Task_03_07\Task_03_07.csproj", "{CA46D5D5-BD9F-4CE9-9B32-8328862924E5}"
EndProject
Project("{FAE04EC0-301F-11D3-BF4B-00C04F79EFBC}") = "Task_03_08", "Task_03_08\Task_03_08.csproj", "{00882B74-5CC5-4785-B414-B93F126858FA}"
EndProject
Project("{FAE04EC0-301F-11D3-BF4B-00C04F79EFBC}") = "Task_03_09", "Task_03_09\Task_03_09.csproj", "{78BBDF0F-3012-42A4-8A83-6C22021B7F80}"
EndProject
Project("{2150E333-8FDC-42A3-9474-1A3956D46DE8}") = "Lesson_04", "Lesson_04", "{A78B2E31-CC08-4407-AF1B-C8AB8147331A}"
EndProject
Project("{FAE04EC0-301F-11D3-BF4B-00C04F79EFBC}") = "Task_04_05", "Task_04_05\Task_04_05.csproj", "{31314D31-F0C7-47E1-AB68-257D3E2208B8}"
EndProject
Global
	GlobalSection(SolutionConfigurationPlatforms) = preSolution
		Debug|Any CPU = Debug|Any CPU
		Release|Any CPU = Release|Any CPU
	EndGlobalSection
	GlobalSection(ProjectConfigurationPlatforms) = postSolution
		{0E3C1685-7469-440F-B703-1682945D60B3}.Debug|Any CPU.ActiveCfg = Debug|Any CPU
		{0E3C1685-7469-440F-B703-1682945D60B3}.Debug|Any CPU.Build.0 = Debug|Any CPU
		{0E3C1685-7469-440F-B703-1682945D60B3}.Release|Any CPU.ActiveCfg = Release|Any CPU
		{0E3C1685-7469-440F-B703-1682945D60B3}.Release|Any CPU.Build.0 = Release|Any CPU
		{72868983-C018-495D-BB46-FF951032B9EE}.Debug|Any CPU.ActiveCfg = Debug|Any CPU
		{72868983-C018-495D-BB46-FF951032B9EE}.Debug|Any CPU.Build.0 = Debug|Any CPU
		{72868983-C018-495D-BB46-FF951032B9EE}.Release|Any CPU.ActiveCfg = Release|Any CPU
		{72868983-C018-495D-BB46-FF951032B9EE}.Release|Any CPU.Build.0 = Release|Any CPU
		{400F002E-05F1-46CA-A4E0-625E258F9C6C}.Debug|Any CPU.ActiveCfg = Debug|Any CPU
		{400F002E-05F1-46CA-A4E0-625E258F9C6C}.Debug|Any CPU.Build.0 = Debug|Any CPU
		{400F002E-05F1-46CA-A4E0-625E258F9C6C}.Release|Any CPU.ActiveCfg = Release|Any CPU
		{400F002E-05F1-46CA-A4E0-625E258F9C6C}.Release|Any CPU.Build.0 = Release|Any CPU
		{5137AB87-16D5-4122-9B7D-CAFE90C6CD7A}.Debug|Any CPU.ActiveCfg = Debug|Any CPU
		{5137AB87-16D5-4122-9B7D-CAFE90C6CD7A}.Debug|Any CPU.Build.0 = Debug|Any CPU
		{5137AB87-16D5-4122-9B7D-CAFE90C6CD7A}.Release|Any CPU.ActiveCfg = Release|Any CPU
		{5137AB87-16D5-4122-9B7D-CAFE90C6CD7A}.Release|Any CPU.Build.0 = Release|Any CPU
		{B2D10DDB-E84C-45BD-96F3-60984CBE5E0E}.Debug|Any CPU.ActiveCfg = Debug|Any CPU
		{B2D10DDB-E84C-45BD-96F3-60984CBE5E0E}.Debug|Any CPU.Build.0 = Debug|Any CPU
		{B2D10DDB-E84C-45BD-96F3-60984CBE5E0E}.Release|Any CPU.ActiveCfg = Release|Any CPU
		{B2D10DDB-E84C-45BD-96F3-60984CBE5E0E}.Release|Any CPU.Build.0 = Release|Any CPU
		{CA46D5D5-BD9F-4CE9-9B32-8328862924E5}.Debug|Any CPU.ActiveCfg = Debug|Any CPU
		{CA46D5D5-BD9F-4CE9-9B32-8328862924E5}.Debug|Any CPU.Build.0 = Debug|Any CPU
		{CA46D5D5-BD9F-4CE9-9B32-8328862924E5}.Release|Any CPU.ActiveCfg = Release|Any CPU
		{CA46D5D5-BD9F-4CE9-9B32-8328862924E5}.Release|Any CPU.Build.0 = Release|Any CPU
		{00882B74-5CC5-4785-B414-B93F126858FA}.Debug|Any CPU.ActiveCfg = Debug|Any CPU
		{00882B74-5CC5-4785-B414-B93F126858FA}.Debug|Any CPU.Build.0 = Debug|Any CPU
		{00882B74-5CC5-4785-B414-B93F126858FA}.Release|Any CPU.ActiveCfg = Release|Any CPU
		{00882B74-5CC5-4785-B414-B93F126858FA}.Release|Any CPU.Build.0 = Release|Any CPU
		{78BBDF0F-3012-42A4-8A83-6C22021B7F80}.Debug|Any CPU.ActiveCfg = Debug|Any CPU
		{78BBDF0F-3012-42A4-8A83-6C22021B7F80}.Debug|Any CPU.Build.0 = Debug|Any CPU
		{78BBDF0F-3012-42A4-8A83-6C22021B7F80}.Release|Any CPU.ActiveCfg = Release|Any CPU
		{78BBDF0F-3012-42A4-8A83-6C22021B7F80}.Release|Any CPU.Build.0 = Release|Any CPU
		{31314D31-F0C7-47E1-AB68-257D3E2208B8}.Debug|Any CPU.ActiveCfg = Debug|Any CPU
		{31314D31-F0C7-47E1-AB68-257D3E2208B8}.Debug|Any CPU.Build.0 = Debug|Any CPU
		{31314D31-F0C7-47E1-AB68-257D3E2208B8}.Release|Any CPU.ActiveCfg = Release|Any CPU
		{31314D31-F0C7-47E1-AB68-257D3E2208B8}.Release|Any CPU.Build.0 = Release|Any CPU
	EndGlobalSection
	GlobalSection(SolutionProperties) = preSolution
		HideSolutionNode = FALSE
	EndGlobalSection
	GlobalSection(NestedProjects) = preSolution
		{0E3C1685-7469-440F-B703-1682945D60B3} = {5E44A6BD-6DC7-4CFB-B1BA-3AB66273F9D3}
		{72868983-C018-495D-BB46-FF951032B9EE} = {5E44A6BD-6DC7-4CFB-B1BA-3AB66273F9D3}
		{400F002E-05F1-46CA-A4E0-625E258F9C6C} = {28E903E6-E45A-43E7-9F9E-215DCFCE58DA}
		{5137AB87-16D5-4122-9B7D-CAFE90C6CD7A} = {28E903E6-E45A-43E7-9F9E-215DCFCE58DA}
		{B2D10DDB-E84C-45BD-96F3-60984CBE5E0E} = {28E903E6-E45A-43E7-9F9E-215DCFCE58DA}
		{CA46D5D5-BD9F-4CE9-9B32-8328862924E5} = {28E903E6-E45A-43E7-9F9E-215DCFCE58DA}
		{00882B74-5CC5-4785-B414-B93F126858FA} = {28E903E6-E45A-43E7-9F9E-215DCFCE58DA}
		{78BBDF0F-3012-42A4-8A83-6C22021B7F80} = {28E903E6-E45A-43E7-9F9E-215DCFCE58DA}
		{31314D31-F0C7-47E1-AB68-257D3E2208B8} = {A78B2E31-CC08-4407-AF1B-C8AB8147331A}
	EndGlobalSection
	GlobalSection(ExtensibilityGlobals) = postSolution
		SolutionGuid = {C50F6772-E5D6-415F-B40B-D0F838E41F91}
	EndGlobalSection
EndGlobal
